
Microsoft Visual Studio Solution File, Format Version 12.00
# Visual Studio 15
VisualStudioVersion = 15.0.28010.2041
MinimumVisualStudioVersion = 10.0.40219.1
Project("{FAE04EC0-301F-11D3-BF4B-00C04F79EFBC}") = "ImageCharts.Net", "ImageCharts.Net\ImageCharts.Net.csproj", "{B3650A56-08EE-4FE6-AC19-A1C5A1EFABBB}"
EndProject
Global
	GlobalSection(SolutionConfigurationPlatforms) = preSolution
		Debug|Any CPU = Debug|Any CPU
		Release|Any CPU = Release|Any CPU
	EndGlobalSection
	GlobalSection(ProjectConfigurationPlatforms) = postSolution
		{B3650A56-08EE-4FE6-AC19-A1C5A1EFABBB}.Debug|Any CPU.ActiveCfg = Debug|Any CPU
		{B3650A56-08EE-4FE6-AC19-A1C5A1EFABBB}.Debug|Any CPU.Build.0 = Debug|Any CPU
		{B3650A56-08EE-4FE6-AC19-A1C5A1EFABBB}.Release|Any CPU.ActiveCfg = Release|Any CPU
		{B3650A56-08EE-4FE6-AC19-A1C5A1EFABBB}.Release|Any CPU.Build.0 = Release|Any CPU
	EndGlobalSection
	GlobalSection(SolutionProperties) = preSolution
		HideSolutionNode = FALSE
	EndGlobalSection
	GlobalSection(ExtensibilityGlobals) = postSolution
		SolutionGuid = {57AB2959-1D3D-4201-92B6-2A8C2A0CA8D1}
	EndGlobalSection
EndGlobal
